// !$*UTF8*$!
{
	archiveVersion = 1;
	classes = {
	};
	objectVersion = 46;
	objects = {

/* Begin PBXBuildFile section */
		C766CB691B8FE3000048A178 /* main.m in Sources */ = {isa = PBXBuildFile; fileRef = C766CB681B8FE3000048A178 /* main.m */; };
		C766CB711B8FE3340048A178 /* Lawyer.m in Sources */ = {isa = PBXBuildFile; fileRef = C766CB701B8FE3340048A178 /* Lawyer.m */; settings = {ASSET_TAGS = (); }; };
		C766CB741B8FE4050048A178 /* Practice.m in Sources */ = {isa = PBXBuildFile; fileRef = C766CB731B8FE4050048A178 /* Practice.m */; settings = {ASSET_TAGS = (); }; };
		C766CB771B8FEAE60048A178 /* Client.m in Sources */ = {isa = PBXBuildFile; fileRef = C766CB761B8FEAE60048A178 /* Client.m */; settings = {ASSET_TAGS = (); }; };
/* End PBXBuildFile section */

/* Begin PBXCopyFilesBuildPhase section */
		C766CB631B8FE3000048A178 /* CopyFiles */ = {
			isa = PBXCopyFilesBuildPhase;
			buildActionMask = 2147483647;
			dstPath = /usr/share/man/man1/;
			dstSubfolderSpec = 0;
			files = (
			);
			runOnlyForDeploymentPostprocessing = 1;
		};
/* End PBXCopyFilesBuildPhase section */

/* Begin PBXFileReference section */
		C766CB651B8FE3000048A178 /* Lawyer Up */ = {isa = PBXFileReference; explicitFileType = "compiled.mach-o.executable"; includeInIndex = 0; path = "Lawyer Up"; sourceTree = BUILT_PRODUCTS_DIR; };
		C766CB681B8FE3000048A178 /* main.m */ = {isa = PBXFileReference; lastKnownFileType = sourcecode.c.objc; path = main.m; sourceTree = "<group>"; };
		C766CB6F1B8FE3340048A178 /* Lawyer.h */ = {isa = PBXFileReference; fileEncoding = 4; lastKnownFileType = sourcecode.c.h; path = Lawyer.h; sourceTree = "<group>"; };
		C766CB701B8FE3340048A178 /* Lawyer.m */ = {isa = PBXFileReference; fileEncoding = 4; lastKnownFileType = sourcecode.c.objc; path = Lawyer.m; sourceTree = "<group>"; };
		C766CB721B8FE4050048A178 /* Practice.h */ = {isa = PBXFileReference; fileEncoding = 4; lastKnownFileType = sourcecode.c.h; path = Practice.h; sourceTree = "<group>"; };
		C766CB731B8FE4050048A178 /* Practice.m */ = {isa = PBXFileReference; fileEncoding = 4; lastKnownFileType = sourcecode.c.objc; path = Practice.m; sourceTree = "<group>"; };
		C766CB751B8FEAE60048A178 /* Client.h */ = {isa = PBXFileReference; fileEncoding = 4; lastKnownFileType = sourcecode.c.h; path = Client.h; sourceTree = "<group>"; };
		C766CB761B8FEAE60048A178 /* Client.m */ = {isa = PBXFileReference; fileEncoding = 4; lastKnownFileType = sourcecode.c.objc; path = Client.m; sourceTree = "<group>"; };
/* End PBXFileReference section */

/* Begin PBXFrameworksBuildPhase section */
		C766CB621B8FE3000048A178 /* Frameworks */ = {
			isa = PBXFrameworksBuildPhase;
			buildActionMask = 2147483647;
			files = (
			);
			runOnlyForDeploymentPostprocessing = 0;
		};
/* End PBXFrameworksBuildPhase section */

/* Begin PBXGroup section */
		C766CB5C1B8FE3000048A178 = {
			isa = PBXGroup;
			children = (
				C766CB671B8FE3000048A178 /* Lawyer Up */,
				C766CB661B8FE3000048A178 /* Products */,
			);
			sourceTree = "<group>";
		};
		C766CB661B8FE3000048A178 /* Products */ = {
			isa = PBXGroup;
			children = (
				C766CB651B8FE3000048A178 /* Lawyer Up */,
			);
			name = Products;
			sourceTree = "<group>";
		};
		C766CB671B8FE3000048A178 /* Lawyer Up */ = {
			isa = PBXGroup;
			children = (
				C766CB681B8FE3000048A178 /* main.m */,
				C766CB721B8FE4050048A178 /* Practice.h */,
				C766CB731B8FE4050048A178 /* Practice.m */,
				C766CB6F1B8FE3340048A178 /* Lawyer.h */,
				C766CB701B8FE3340048A178 /* Lawyer.m */,
				C766CB751B8FEAE60048A178 /* Client.h */,
				C766CB761B8FEAE60048A178 /* Client.m */,
			);
			path = "Lawyer Up";
			sourceTree = "<group>";
		};
/* End PBXGroup section */

/* Begin PBXNativeTarget section */
		C766CB641B8FE3000048A178 /* Lawyer Up */ = {
			isa = PBXNativeTarget;
			buildConfigurationList = C766CB6C1B8FE3000048A178 /* Build configuration list for PBXNativeTarget "Lawyer Up" */;
			buildPhases = (
				C766CB611B8FE3000048A178 /* Sources */,
				C766CB621B8FE3000048A178 /* Frameworks */,
				C766CB631B8FE3000048A178 /* CopyFiles */,
			);
			buildRules = (
			);
			dependencies = (
			);
			name = "Lawyer Up";
			productName = "Lawyer Up";
			productReference = C766CB651B8FE3000048A178 /* Lawyer Up */;
			productType = "com.apple.product-type.tool";
		};
/* End PBXNativeTarget section */

/* Begin PBXProject section */
		C766CB5D1B8FE3000048A178 /* Project object */ = {
			isa = PBXProject;
			attributes = {
				LastUpgradeCheck = 0700;
				ORGANIZATIONNAME = "Alp Eren Can";
				TargetAttributes = {
					C766CB641B8FE3000048A178 = {
						CreatedOnToolsVersion = 7.0;
					};
				};
			};
			buildConfigurationList = C766CB601B8FE3000048A178 /* Build configuration list for PBXProject "Lawyer Up" */;
			compatibilityVersion = "Xcode 3.2";
			developmentRegion = English;
			hasScannedForEncodings = 0;
			knownRegions = (
				en,
			);
			mainGroup = C766CB5C1B8FE3000048A178;
			productRefGroup = C766CB661B8FE3000048A178 /* Products */;
			projectDirPath = "";
			projectRoot = "";
			targets = (
				C766CB641B8FE3000048A178 /* Lawyer Up */,
			);
		};
/* End PBXProject section */

/* Begin PBXSourcesBuildPhase section */
		C766CB611B8FE3000048A178 /* Sources */ = {
			isa = PBXSourcesBuildPhase;
			buildActionMask = 2147483647;
			files = (
				C766CB741B8FE4050048A178 /* Practice.m in Sources */,
				C766CB691B8FE3000048A178 /* main.m in Sources */,
				C766CB771B8FEAE60048A178 /* Client.m in Sources */,
				C766CB711B8FE3340048A178 /* Lawyer.m in Sources */,
			);
			runOnlyForDeploymentPostprocessing = 0;
		};
/* End PBXSourcesBuildPhase section */

/* Begin XCBuildConfiguration section */
		C766CB6A1B8FE3000048A178 /* Debug */ = {
			isa = XCBuildConfiguration;
			buildSettings = {
				ALWAYS_SEARCH_USER_PATHS = NO;
				CLANG_CXX_LANGUAGE_STANDARD = "gnu++0x";
				CLANG_CXX_LIBRARY = "libc++";
				CLANG_ENABLE_MODULES = YES;
				CLANG_ENABLE_OBJC_ARC = YES;
				CLANG_WARN_BOOL_CONVERSION = YES;
				CLANG_WARN_CONSTANT_CONVERSION = YES;
				CLANG_WARN_DIRECT_OBJC_ISA_USAGE = YES_ERROR;
				CLANG_WARN_EMPTY_BODY = YES;
				CLANG_WARN_ENUM_CONVERSION = YES;
				CLANG_WARN_INT_CONVERSION = YES;
				CLANG_WARN_OBJC_ROOT_CLASS = YES_ERROR;
				CLANG_WARN_UNREACHABLE_CODE = YES;
				CLANG_WARN__DUPLICATE_METHOD_MATCH = YES;
				COPY_PHASE_STRIP = NO;
				DEBUG_INFORMATION_FORMAT = dwarf;
				ENABLE_STRICT_OBJC_MSGSEND = YES;
				ENABLE_TESTABILITY = YES;
				GCC_C_LANGUAGE_STANDARD = gnu99;
				GCC_DYNAMIC_NO_PIC = NO;
				GCC_NO_COMMON_BLOCKS = YES;
				GCC_OPTIMIZATION_LEVEL = 0;
				GCC_PREPROCESSOR_DEFINITIONS = (
					"DEBUG=1",
					"$(inherited)",
				);
				GCC_WARN_64_TO_32_BIT_CONVERSION = YES;
				GCC_WARN_ABOUT_RETURN_TYPE = YES_ERROR;
				GCC_WARN_UNDECLARED_SELECTOR = YES;
				GCC_WARN_UNINITIALIZED_AUTOS = YES_AGGRESSIVE;
				GCC_WARN_UNUSED_FUNCTION = YES;
				GCC_WARN_UNUSED_VARIABLE = YES;
				MACOSX_DEPLOYMENT_TARGET = 10.11;
				MTL_ENABLE_DEBUG_INFO = YES;
				ONLY_ACTIVE_ARCH = YES;
				SDKROOT = macosx;
			};
			name = Debug;
		};
		C766CB6B1B8FE3000048A178 /* Release */ = {
			isa = XCBuildConfiguration;
			buildSettings = {
				ALWAYS_SEARCH_USER_PATHS = NO;
				CLANG_CXX_LANGUAGE_STANDARD = "gnu++0x";
				CLANG_CXX_LIBRARY = "libc++";
				CLANG_ENABLE_MODULES = YES;
				CLANG_ENABLE_OBJC_ARC = YES;
				CLANG_WARN_BOOL_CONVERSION = YES;
				CLANG_WARN_CONSTANT_CONVERSION = YES;
				CLANG_WARN_DIRECT_OBJC_ISA_USAGE = YES_ERROR;
				CLANG_WARN_EMPTY_BODY = YES;
				CLANG_WARN_ENUM_CONVERSION = YES;
				CLANG_WARN_INT_CONVERSION = YES;
				CLANG_WARN_OBJC_ROOT_CLASS = YES_ERROR;
				CLANG_WARN_UNREACHABLE_CODE = YES;
				CLANG_WARN__DUPLICATE_METHOD_MATCH = YES;
				COPY_PHASE_STRIP = NO;
				DEBUG_INFORMATION_FORMAT = "dwarf-with-dsym";
				ENABLE_NS_ASSERTIONS = NO;
				ENABLE_STRICT_OBJC_MSGSEND = YES;
				GCC_C_LANGUAGE_STANDARD = gnu99;
				GCC_NO_COMMON_BLOCKS = YES;
				GCC_WARN_64_TO_32_BIT_CONVERSION = YES;
				GCC_WARN_ABOUT_RETURN_TYPE = YES_ERROR;
				GCC_WARN_UNDECLARED_SELECTOR = YES;
				GCC_WARN_UNINITIALIZED_AUTOS = YES_AGGRESSIVE;
				GCC_WARN_UNUSED_FUNCTION = YES;
				GCC_WARN_UNUSED_VARIABLE = YES;
				MACOSX_DEPLOYMENT_TARGET = 10.11;
				MTL_ENABLE_DEBUG_INFO = NO;
				SDKROOT = macosx;
			};
			name = Release;
		};
		C766CB6D1B8FE3000048A178 /* Debug */ = {
			isa = XCBuildConfiguration;
			buildSettings = {
				PRODUCT_NAME = "$(TARGET_NAME)";
			};
			name = Debug;
		};
		C766CB6E1B8FE3000048A178 /* Release */ = {
			isa = XCBuildConfiguration;
			buildSettings = {
				PRODUCT_NAME = "$(TARGET_NAME)";
			};
			name = Release;
		};
/* End XCBuildConfiguration section */

/* Begin XCConfigurationList section */
		C766CB601B8FE3000048A178 /* Build configuration list for PBXProject "Lawyer Up" */ = {
			isa = XCConfigurationList;
			buildConfigurations = (
				C766CB6A1B8FE3000048A178 /* Debug */,
				C766CB6B1B8FE3000048A178 /* Release */,
			);
			defaultConfigurationIsVisible = 0;
			defaultConfigurationName = Release;
		};
		C766CB6C1B8FE3000048A178 /* Build configuration list for PBXNativeTarget "Lawyer Up" */ = {
			isa = XCConfigurationList;
			buildConfigurations = (
				C766CB6D1B8FE3000048A178 /* Debug */,
				C766CB6E1B8FE3000048A178 /* Release */,
			);
			defaultConfigurationIsVisible = 0;
		};
/* End XCConfigurationList section */
	};
	rootObject = C766CB5D1B8FE3000048A178 /* Project object */;
}
